
Microsoft Visual Studio Solution File, Format Version 12.00
# Visual Studio Version 16
VisualStudioVersion = 16.0.30330.147
MinimumVisualStudioVersion = 10.0.40219.1
Project("{FAE04EC0-301F-11D3-BF4B-00C04F79EFBC}") = "Jwt", "Jwt\Jwt.csproj", "{FD5972D6-A7DF-4E4E-AAEA-D4F43372CBD0}"
EndProject
Global
	GlobalSection(SolutionConfigurationPlatforms) = preSolution
		Debug|Any CPU = Debug|Any CPU
		Release|Any CPU = Release|Any CPU
	EndGlobalSection
	GlobalSection(ProjectConfigurationPlatforms) = postSolution
		{FD5972D6-A7DF-4E4E-AAEA-D4F43372CBD0}.Debug|Any CPU.ActiveCfg = Debug|Any CPU
		{FD5972D6-A7DF-4E4E-AAEA-D4F43372CBD0}.Debug|Any CPU.Build.0 = Debug|Any CPU
		{FD5972D6-A7DF-4E4E-AAEA-D4F43372CBD0}.Release|Any CPU.ActiveCfg = Release|Any CPU
		{FD5972D6-A7DF-4E4E-AAEA-D4F43372CBD0}.Release|Any CPU.Build.0 = Release|Any CPU
	EndGlobalSection
	GlobalSection(SolutionProperties) = preSolution
		HideSolutionNode = FALSE
	EndGlobalSection
	GlobalSection(ExtensibilityGlobals) = postSolution
		SolutionGuid = {93D06927-DEAE-40B9-B584-1BAF4437112C}
	EndGlobalSection
EndGlobal
